# THIS IS AN AUTOGENERATED FILE. DO NOT EDIT THIS FILE DIRECTLY.
# yarn lockfile v1


assert-plus@0.1.0:
  version "0.1.0"
  resolved "https://registry.yarnpkg.com/assert-plus/-/assert-plus-0.1.0.tgz#386c2c8452ebdfcf8f1f722fdea548c7bf874f9c"
  integrity sha512-dpSjrqWF0+UoVeT8RUg7XgRjPJKp/A3Ki+sh1oRPaZgiB/wDsX48m5rtoy7m6j8a1lZ26uRbVz9Bxo6Jo9uOKw==

async@0.2.x:
  version "0.2.10"
  resolved "https://registry.yarnpkg.com/async/-/async-0.2.10.tgz#b6bbe0b0674b9d719708ca38de8c237cb526c3d1"
  integrity sha512-eAkdoKxU6/LkKDBzLpT+t6Ff5EtfSF4wx1WfJiPEEV7WNLnDaRXk0oVysiEPm262roaachGexwUv94WhSgN5TQ==

carrier@0.1.7:
  version "0.1.7"
  resolved "https://registry.yarnpkg.com/carrier/-/carrier-0.1.7.tgz#e3fc3c76941a7fb6bbe0f2415e5ef6663fd64958"
  integrity sha512-SZbHPomep0BaYnQBCC+XGs4fzWV2qWjpoG4GvF5Cf41hWQF2Y8i8GPI/hQ4wC5WjL1kpk8+QGGP44BjdCemhPQ==

colors@0.6.x:
  version "0.6.2"
  resolved "https://registry.yarnpkg.com/colors/-/colors-0.6.2.tgz#2423fe6678ac0c5dae8852e5d0e5be08c997abcc"
  integrity sha512-OsSVtHK8Ir8r3+Fxw/b4jS1ZLPXkV6ZxDRJQzeD7qo0SqMXWrHDM71DgYzPMHY8SFJ0Ao+nNU2p1MmwdzKqPrw==

commander@1.1.x:
  version "1.1.1"
  resolved "https://registry.yarnpkg.com/commander/-/commander-1.1.1.tgz#50d1651868ae60eccff0a2d9f34595376bc6b041"
  integrity sha512-71Rod2AhcH3JhkBikVpNd0pA+fWsmAaVoti6OR38T76chA7vE3pSerS0Jor4wDw+tOueD2zLVvFOw5H0Rcj7rA==
  dependencies:
    keypress "0.1.x"

extsprintf@1.0.1:
  version "1.0.1"
  resolved "https://registry.yarnpkg.com/extsprintf/-/extsprintf-1.0.1.tgz#590e147d5c59e2180b3366f7bc21acabaf69a185"
  integrity sha512-NITHi7GagOnTtofWByW/X1N2YsFflOUlS7ItDJpo3b8lbwYWq3XUXfEbIM2Ey7jbSLsD4oEQC48NwxsOM5qisA==

fast-stats@0.0.3:
  version "0.0.3"
  resolved "https://registry.yarnpkg.com/fast-stats/-/fast-stats-0.0.3.tgz#650af963c3ff85c496a3610f20d40cd4c164594d"
  integrity sha512-GCDJBJEDccRpAuMcVe+OfMnovhXNPMTuiBl08ZysjcJdSfNNHn1exukCHGNp3q+vbKP2ZuDDhi6w03ad1vFTBw==

keypress@0.1.x:
  version "0.1.0"
  resolved "https://registry.yarnpkg.com/keypress/-/keypress-0.1.0.tgz#4a3188d4291b66b4f65edb99f806aa9ae293592a"
  integrity sha512-x0yf9PL/nx9Nw9oLL8ZVErFAk85/lslwEP7Vz7s5SI1ODXZIgit3C5qyWjw4DxOuO/3Hb4866SQh28a1V1d+WA==

options@>=0.0.5:
  version "0.0.6"
  resolved "https://registry.yarnpkg.com/options/-/options-0.0.6.tgz#ec22d312806bb53e731773e7cdaefcf1c643128f"
  integrity sha512-bOj3L1ypm++N+n7CEbbe473A414AB7z+amKYshRb//iuL3MpdDCLhPnw6aVTdKB9g5ZRVHIEp8eUln6L2NUStg==

strsplit@1.0.0:
  version "1.0.0"
  resolved "https://registry.yarnpkg.com/strsplit/-/strsplit-1.0.0.tgz#0fdedc68e91addcfcb2e6be9c262581a6e8c28aa"
  integrity sha512-efXqQImOEC0nyQqFzPUqa7NvF4B0ZPW2YM5nS+uXTB76sQt002brfZWQo/NSkAt771RTvv/brVQqtxJL7UBHMw==

sugar@1.3.8:
  version "1.3.8"
  resolved "https://registry.yarnpkg.com/sugar/-/sugar-1.3.8.tgz#3495db4ed50202107e9410a1ff9901c33819b80b"
  integrity sha512-q0Y8W2ioPVjRzDuzLJAa9s1/r7Ue/EvVttS/GxpFj6W56eFtCRKUEdHQvGOD8UhesL9Sn7dSSEpAfGLC9iGm4A==

tab@0.1.x:
  version "0.1.0"
  resolved "https://registry.yarnpkg.com/tab/-/tab-0.1.0.tgz#8d762e7f3a1c3882b7b8a0749d813a4e358be2d7"
  integrity sha512-qVxVCyNq7VgtbvTtR5Q7nUjHoqlF+XRhIRoX7dS2WNptDubX//NtiCfbBYyZhALyXszRLSMZn+FipC9cah3VPQ==
  dependencies:
    assert-plus "0.1.0"
    carrier "0.1.7"
    extsprintf "1.0.1"
    strsplit "1.0.0"

ultron@1.0.x:
  version "1.0.2"
  resolved "https://registry.yarnpkg.com/ultron/-/ultron-1.0.2.tgz#ace116ab557cd197386a4e88f4685378c8b2e4fa"
  integrity sha512-QMpnpVtYaWEeY+MwKDN/UdKlE/LsFZXM5lO1u7GaZzNgmIbGixHEmVMIKT+vqYOALu3m5GYQy9kz4Xu4IVn7Ow==

ws@^1.1.1:
  version "1.1.5"
  resolved "https://registry.yarnpkg.com/ws/-/ws-1.1.5.tgz#cbd9e6e75e09fc5d2c90015f21f0c40875e0dd51"
  integrity sha512-o3KqipXNUdS7wpQzBHSe180lBGO60SoK0yVo3CYJgb2MkobuWuBX6dhkYP5ORCLd55y+SaflMOV5fqAB53ux4w==
  dependencies:
    options ">=0.0.5"
    ultron "1.0.x"
